// !$*UTF8*$!
{
	archiveVersion = 1;
	classes = {
	};
	objectVersion = 46;
	objects = {

/* Begin PBXBuildFile section */
		D6800F381F30D86E001DA662 /* WeatherCell.m in Sources */ = {isa = PBXBuildFile; fileRef = D6800F371F30D86E001DA662 /* WeatherCell.m */; };
		D6FC15851F2F93CB0077C5EA /* main.m in Sources */ = {isa = PBXBuildFile; fileRef = D6FC15841F2F93CB0077C5EA /* main.m */; };
		D6FC15881F2F93CB0077C5EA /* AppDelegate.m in Sources */ = {isa = PBXBuildFile; fileRef = D6FC15871F2F93CB0077C5EA /* AppDelegate.m */; };
		D6FC158B1F2F93CB0077C5EA /* ViewController.m in Sources */ = {isa = PBXBuildFile; fileRef = D6FC158A1F2F93CB0077C5EA /* ViewController.m */; };
		D6FC158E1F2F93CB0077C5EA /* Main.storyboard in Resources */ = {isa = PBXBuildFile; fileRef = D6FC158C1F2F93CB0077C5EA /* Main.storyboard */; };
		D6FC15901F2F93CB0077C5EA /* Assets.xcassets in Resources */ = {isa = PBXBuildFile; fileRef = D6FC158F1F2F93CB0077C5EA /* Assets.xcassets */; };
		D6FC15931F2F93CB0077C5EA /* LaunchScreen.storyboard in Resources */ = {isa = PBXBuildFile; fileRef = D6FC15911F2F93CB0077C5EA /* LaunchScreen.storyboard */; };
		D6FC15A01F2F99210077C5EA /* WeatherNetworkManager.m in Sources */ = {isa = PBXBuildFile; fileRef = D6FC159F1F2F99210077C5EA /* WeatherNetworkManager.m */; };
		D6FC15A51F2FEEDE0077C5EA /* WeatherBuilder.m in Sources */ = {isa = PBXBuildFile; fileRef = D6FC15A41F2FEEDE0077C5EA /* WeatherBuilder.m */; };
		D6FC15A81F2FF0EF0077C5EA /* Weather.m in Sources */ = {isa = PBXBuildFile; fileRef = D6FC15A71F2FF0EF0077C5EA /* Weather.m */; };
		D6FC15AB1F2FF3B00077C5EA /* Temprature.m in Sources */ = {isa = PBXBuildFile; fileRef = D6FC15AA1F2FF3B00077C5EA /* Temprature.m */; };
/* End PBXBuildFile section */

/* Begin PBXFileReference section */
		D6800F361F30D86E001DA662 /* WeatherCell.h */ = {isa = PBXFileReference; fileEncoding = 4; lastKnownFileType = sourcecode.c.h; path = WeatherCell.h; sourceTree = "<group>"; };
		D6800F371F30D86E001DA662 /* WeatherCell.m */ = {isa = PBXFileReference; fileEncoding = 4; lastKnownFileType = sourcecode.c.objc; path = WeatherCell.m; sourceTree = "<group>"; };
		D6FC15801F2F93CB0077C5EA /* WeatherMonitor.app */ = {isa = PBXFileReference; explicitFileType = wrapper.application; includeInIndex = 0; path = WeatherMonitor.app; sourceTree = BUILT_PRODUCTS_DIR; };
		D6FC15841F2F93CB0077C5EA /* main.m */ = {isa = PBXFileReference; lastKnownFileType = sourcecode.c.objc; path = main.m; sourceTree = "<group>"; };
		D6FC15861F2F93CB0077C5EA /* AppDelegate.h */ = {isa = PBXFileReference; lastKnownFileType = sourcecode.c.h; path = AppDelegate.h; sourceTree = "<group>"; };
		D6FC15871F2F93CB0077C5EA /* AppDelegate.m */ = {isa = PBXFileReference; lastKnownFileType = sourcecode.c.objc; path = AppDelegate.m; sourceTree = "<group>"; };
		D6FC15891F2F93CB0077C5EA /* ViewController.h */ = {isa = PBXFileReference; lastKnownFileType = sourcecode.c.h; path = ViewController.h; sourceTree = "<group>"; };
		D6FC158A1F2F93CB0077C5EA /* ViewController.m */ = {isa = PBXFileReference; lastKnownFileType = sourcecode.c.objc; path = ViewController.m; sourceTree = "<group>"; };
		D6FC158D1F2F93CB0077C5EA /* Base */ = {isa = PBXFileReference; lastKnownFileType = file.storyboard; name = Base; path = Base.lproj/Main.storyboard; sourceTree = "<group>"; };
		D6FC158F1F2F93CB0077C5EA /* Assets.xcassets */ = {isa = PBXFileReference; lastKnownFileType = folder.assetcatalog; path = Assets.xcassets; sourceTree = "<group>"; };
		D6FC15921F2F93CB0077C5EA /* Base */ = {isa = PBXFileReference; lastKnownFileType = file.storyboard; name = Base; path = Base.lproj/LaunchScreen.storyboard; sourceTree = "<group>"; };
		D6FC15941F2F93CB0077C5EA /* Info.plist */ = {isa = PBXFileReference; lastKnownFileType = text.plist.xml; path = Info.plist; sourceTree = "<group>"; };
		D6FC159E1F2F99210077C5EA /* WeatherNetworkManager.h */ = {isa = PBXFileReference; fileEncoding = 4; lastKnownFileType = sourcecode.c.h; path = WeatherNetworkManager.h; sourceTree = "<group>"; };
		D6FC159F1F2F99210077C5EA /* WeatherNetworkManager.m */ = {isa = PBXFileReference; fileEncoding = 4; lastKnownFileType = sourcecode.c.objc; path = WeatherNetworkManager.m; sourceTree = "<group>"; };
		D6FC15A31F2FEEDE0077C5EA /* WeatherBuilder.h */ = {isa = PBXFileReference; fileEncoding = 4; lastKnownFileType = sourcecode.c.h; path = WeatherBuilder.h; sourceTree = "<group>"; };
		D6FC15A41F2FEEDE0077C5EA /* WeatherBuilder.m */ = {isa = PBXFileReference; fileEncoding = 4; lastKnownFileType = sourcecode.c.objc; path = WeatherBuilder.m; sourceTree = "<group>"; };
		D6FC15A61F2FF0EF0077C5EA /* Weather.h */ = {isa = PBXFileReference; fileEncoding = 4; lastKnownFileType = sourcecode.c.h; path = Weather.h; sourceTree = "<group>"; };
		D6FC15A71F2FF0EF0077C5EA /* Weather.m */ = {isa = PBXFileReference; fileEncoding = 4; lastKnownFileType = sourcecode.c.objc; path = Weather.m; sourceTree = "<group>"; };
		D6FC15A91F2FF3B00077C5EA /* Temprature.h */ = {isa = PBXFileReference; fileEncoding = 4; lastKnownFileType = sourcecode.c.h; path = Temprature.h; sourceTree = "<group>"; };
		D6FC15AA1F2FF3B00077C5EA /* Temprature.m */ = {isa = PBXFileReference; fileEncoding = 4; lastKnownFileType = sourcecode.c.objc; path = Temprature.m; sourceTree = "<group>"; };
/* End PBXFileReference section */

/* Begin PBXFrameworksBuildPhase section */
		D6FC157D1F2F93CB0077C5EA /* Frameworks */ = {
			isa = PBXFrameworksBuildPhase;
			buildActionMask = 2147483647;
			files = (
			);
			runOnlyForDeploymentPostprocessing = 0;
		};
/* End PBXFrameworksBuildPhase section */

/* Begin PBXGroup section */
		D6800F351F30D851001DA662 /* View */ = {
			isa = PBXGroup;
			children = (
				D6800F361F30D86E001DA662 /* WeatherCell.h */,
				D6800F371F30D86E001DA662 /* WeatherCell.m */,
			);
			name = View;
			sourceTree = "<group>";
		};
		D6FC15771F2F93CB0077C5EA = {
			isa = PBXGroup;
			children = (
				D6FC15821F2F93CB0077C5EA /* WeatherMonitor */,
				D6FC15811F2F93CB0077C5EA /* Products */,
			);
			sourceTree = "<group>";
		};
		D6FC15811F2F93CB0077C5EA /* Products */ = {
			isa = PBXGroup;
			children = (
				D6FC15801F2F93CB0077C5EA /* WeatherMonitor.app */,
			);
			name = Products;
			sourceTree = "<group>";
		};
		D6FC15821F2F93CB0077C5EA /* WeatherMonitor */ = {
			isa = PBXGroup;
			children = (
				D6800F351F30D851001DA662 /* View */,
				D6FC159A1F2F941B0077C5EA /* AppDelegate */,
				D6FC159C1F2F94420077C5EA /* Resources */,
				D6FC159D1F2F94580077C5EA /* NetworkManager */,
				D6FC15A21F2FEE860077C5EA /* Builder */,
				D6FC15A11F2FC9CA0077C5EA /* Model */,
				D6FC159B1F2F942B0077C5EA /* ViewControllers */,
				D6FC15831F2F93CB0077C5EA /* Supporting Files */,
			);
			path = WeatherMonitor;
			sourceTree = "<group>";
		};
		D6FC15831F2F93CB0077C5EA /* Supporting Files */ = {
			isa = PBXGroup;
			children = (
				D6FC15841F2F93CB0077C5EA /* main.m */,
			);
			name = "Supporting Files";
			sourceTree = "<group>";
		};
		D6FC159A1F2F941B0077C5EA /* AppDelegate */ = {
			isa = PBXGroup;
			children = (
				D6FC15861F2F93CB0077C5EA /* AppDelegate.h */,
				D6FC15871F2F93CB0077C5EA /* AppDelegate.m */,
			);
			name = AppDelegate;
			sourceTree = "<group>";
		};
		D6FC159B1F2F942B0077C5EA /* ViewControllers */ = {
			isa = PBXGroup;
			children = (
				D6FC15891F2F93CB0077C5EA /* ViewController.h */,
				D6FC158A1F2F93CB0077C5EA /* ViewController.m */,
			);
			name = ViewControllers;
			sourceTree = "<group>";
		};
		D6FC159C1F2F94420077C5EA /* Resources */ = {
			isa = PBXGroup;
			children = (
				D6FC158C1F2F93CB0077C5EA /* Main.storyboard */,
				D6FC15911F2F93CB0077C5EA /* LaunchScreen.storyboard */,
				D6FC15941F2F93CB0077C5EA /* Info.plist */,
				D6FC158F1F2F93CB0077C5EA /* Assets.xcassets */,
			);
			name = Resources;
			sourceTree = "<group>";
		};
		D6FC159D1F2F94580077C5EA /* NetworkManager */ = {
			isa = PBXGroup;
			children = (
				D6FC159E1F2F99210077C5EA /* WeatherNetworkManager.h */,
				D6FC159F1F2F99210077C5EA /* WeatherNetworkManager.m */,
			);
			name = NetworkManager;
			sourceTree = "<group>";
		};
		D6FC15A11F2FC9CA0077C5EA /* Model */ = {
			isa = PBXGroup;
			children = (
				D6FC15A61F2FF0EF0077C5EA /* Weather.h */,
				D6FC15A71F2FF0EF0077C5EA /* Weather.m */,
				D6FC15A91F2FF3B00077C5EA /* Temprature.h */,
				D6FC15AA1F2FF3B00077C5EA /* Temprature.m */,
			);
			name = Model;
			sourceTree = "<group>";
		};
		D6FC15A21F2FEE860077C5EA /* Builder */ = {
			isa = PBXGroup;
			children = (
				D6FC15A31F2FEEDE0077C5EA /* WeatherBuilder.h */,
				D6FC15A41F2FEEDE0077C5EA /* WeatherBuilder.m */,
			);
			name = Builder;
			sourceTree = "<group>";
		};
/* End PBXGroup section */

/* Begin PBXNativeTarget section */
		D6FC157F1F2F93CB0077C5EA /* WeatherMonitor */ = {
			isa = PBXNativeTarget;
			buildConfigurationList = D6FC15971F2F93CB0077C5EA /* Build configuration list for PBXNativeTarget "WeatherMonitor" */;
			buildPhases = (
				D6FC157C1F2F93CB0077C5EA /* Sources */,
				D6FC157D1F2F93CB0077C5EA /* Frameworks */,
				D6FC157E1F2F93CB0077C5EA /* Resources */,
			);
			buildRules = (
			);
			dependencies = (
			);
			name = WeatherMonitor;
			productName = WeatherMonitor;
			productReference = D6FC15801F2F93CB0077C5EA /* WeatherMonitor.app */;
			productType = "com.apple.product-type.application";
		};
/* End PBXNativeTarget section */

/* Begin PBXProject section */
		D6FC15781F2F93CB0077C5EA /* Project object */ = {
			isa = PBXProject;
			attributes = {
				LastUpgradeCheck = 0830;
				ORGANIZATIONNAME = "pradeep gunasekaran";
				TargetAttributes = {
					D6FC157F1F2F93CB0077C5EA = {
						CreatedOnToolsVersion = 8.3.3;
						DevelopmentTeam = EF77LAX8R3;
						ProvisioningStyle = Automatic;
					};
				};
			};
			buildConfigurationList = D6FC157B1F2F93CB0077C5EA /* Build configuration list for PBXProject "WeatherMonitor" */;
			compatibilityVersion = "Xcode 3.2";
			developmentRegion = English;
			hasScannedForEncodings = 0;
			knownRegions = (
				en,
				Base,
			);
			mainGroup = D6FC15771F2F93CB0077C5EA;
			productRefGroup = D6FC15811F2F93CB0077C5EA /* Products */;
			projectDirPath = "";
			projectRoot = "";
			targets = (
				D6FC157F1F2F93CB0077C5EA /* WeatherMonitor */,
			);
		};
/* End PBXProject section */

/* Begin PBXResourcesBuildPhase section */
		D6FC157E1F2F93CB0077C5EA /* Resources */ = {
			isa = PBXResourcesBuildPhase;
			buildActionMask = 2147483647;
			files = (
				D6FC15931F2F93CB0077C5EA /* LaunchScreen.storyboard in Resources */,
				D6FC15901F2F93CB0077C5EA /* Assets.xcassets in Resources */,
				D6FC158E1F2F93CB0077C5EA /* Main.storyboard in Resources */,
			);
			runOnlyForDeploymentPostprocessing = 0;
		};
/* End PBXResourcesBuildPhase section */

/* Begin PBXSourcesBuildPhase section */
		D6FC157C1F2F93CB0077C5EA /* Sources */ = {
			isa = PBXSourcesBuildPhase;
			buildActionMask = 2147483647;
			files = (
				D6800F381F30D86E001DA662 /* WeatherCell.m in Sources */,
				D6FC15AB1F2FF3B00077C5EA /* Temprature.m in Sources */,
				D6FC15A81F2FF0EF0077C5EA /* Weather.m in Sources */,
				D6FC158B1F2F93CB0077C5EA /* ViewController.m in Sources */,
				D6FC15A51F2FEEDE0077C5EA /* WeatherBuilder.m in Sources */,
				D6FC15881F2F93CB0077C5EA /* AppDelegate.m in Sources */,
				D6FC15A01F2F99210077C5EA /* WeatherNetworkManager.m in Sources */,
				D6FC15851F2F93CB0077C5EA /* main.m in Sources */,
			);
			runOnlyForDeploymentPostprocessing = 0;
		};
/* End PBXSourcesBuildPhase section */

/* Begin PBXVariantGroup section */
		D6FC158C1F2F93CB0077C5EA /* Main.storyboard */ = {
			isa = PBXVariantGroup;
			children = (
				D6FC158D1F2F93CB0077C5EA /* Base */,
			);
			name = Main.storyboard;
			sourceTree = "<group>";
		};
		D6FC15911F2F93CB0077C5EA /* LaunchScreen.storyboard */ = {
			isa = PBXVariantGroup;
			children = (
				D6FC15921F2F93CB0077C5EA /* Base */,
			);
			name = LaunchScreen.storyboard;
			sourceTree = "<group>";
		};
/* End PBXVariantGroup section */

/* Begin XCBuildConfiguration section */
		D6FC15951F2F93CB0077C5EA /* Debug */ = {
			isa = XCBuildConfiguration;
			buildSettings = {
				ALWAYS_SEARCH_USER_PATHS = NO;
				CLANG_ANALYZER_NONNULL = YES;
				CLANG_ANALYZER_NUMBER_OBJECT_CONVERSION = YES_AGGRESSIVE;
				CLANG_CXX_LANGUAGE_STANDARD = "gnu++0x";
				CLANG_CXX_LIBRARY = "libc++";
				CLANG_ENABLE_MODULES = YES;
				CLANG_ENABLE_OBJC_ARC = YES;
				CLANG_WARN_BOOL_CONVERSION = YES;
				CLANG_WARN_CONSTANT_CONVERSION = YES;
				CLANG_WARN_DIRECT_OBJC_ISA_USAGE = YES_ERROR;
				CLANG_WARN_DOCUMENTATION_COMMENTS = YES;
				CLANG_WARN_EMPTY_BODY = YES;
				CLANG_WARN_ENUM_CONVERSION = YES;
				CLANG_WARN_INFINITE_RECURSION = YES;
				CLANG_WARN_INT_CONVERSION = YES;
				CLANG_WARN_OBJC_ROOT_CLASS = YES_ERROR;
				CLANG_WARN_SUSPICIOUS_MOVE = YES;
				CLANG_WARN_UNREACHABLE_CODE = YES;
				CLANG_WARN__DUPLICATE_METHOD_MATCH = YES;
				"CODE_SIGN_IDENTITY[sdk=iphoneos*]" = "iPhone Developer";
				COPY_PHASE_STRIP = NO;
				DEBUG_INFORMATION_FORMAT = dwarf;
				ENABLE_STRICT_OBJC_MSGSEND = YES;
				ENABLE_TESTABILITY = YES;
				GCC_C_LANGUAGE_STANDARD = gnu99;
				GCC_DYNAMIC_NO_PIC = NO;
				GCC_NO_COMMON_BLOCKS = YES;
				GCC_OPTIMIZATION_LEVEL = 0;
				GCC_PREPROCESSOR_DEFINITIONS = (
					"DEBUG=1",
					"$(inherited)",
				);
				GCC_WARN_64_TO_32_BIT_CONVERSION = YES;
				GCC_WARN_ABOUT_RETURN_TYPE = YES_ERROR;
				GCC_WARN_UNDECLARED_SELECTOR = YES;
				GCC_WARN_UNINITIALIZED_AUTOS = YES_AGGRESSIVE;
				GCC_WARN_UNUSED_FUNCTION = YES;
				GCC_WARN_UNUSED_VARIABLE = YES;
				IPHONEOS_DEPLOYMENT_TARGET = 10.3;
				MTL_ENABLE_DEBUG_INFO = YES;
				ONLY_ACTIVE_ARCH = YES;
				SDKROOT = iphoneos;
				TARGETED_DEVICE_FAMILY = "1,2";
			};
			name = Debug;
		};
		D6FC15961F2F93CB0077C5EA /* Release */ = {
			isa = XCBuildConfiguration;
			buildSettings = {
				ALWAYS_SEARCH_USER_PATHS = NO;
				CLANG_ANALYZER_NONNULL = YES;
				CLANG_ANALYZER_NUMBER_OBJECT_CONVERSION = YES_AGGRESSIVE;
				CLANG_CXX_LANGUAGE_STANDARD = "gnu++0x";
				CLANG_CXX_LIBRARY = "libc++";
				CLANG_ENABLE_MODULES = YES;
				CLANG_ENABLE_OBJC_ARC = YES;
				CLANG_WARN_BOOL_CONVERSION = YES;
				CLANG_WARN_CONSTANT_CONVERSION = YES;
				CLANG_WARN_DIRECT_OBJC_ISA_USAGE = YES_ERROR;
				CLANG_WARN_DOCUMENTATION_COMMENTS = YES;
				CLANG_WARN_EMPTY_BODY = YES;
				CLANG_WARN_ENUM_CONVERSION = YES;
				CLANG_WARN_INFINITE_RECURSION = YES;
				CLANG_WARN_INT_CONVERSION = YES;
				CLANG_WARN_OBJC_ROOT_CLASS = YES_ERROR;
				CLANG_WARN_SUSPICIOUS_MOVE = YES;
				CLANG_WARN_UNREACHABLE_CODE = YES;
				CLANG_WARN__DUPLICATE_METHOD_MATCH = YES;
				"CODE_SIGN_IDENTITY[sdk=iphoneos*]" = "iPhone Developer";
				COPY_PHASE_STRIP = NO;
				DEBUG_INFORMATION_FORMAT = "dwarf-with-dsym";
				ENABLE_NS_ASSERTIONS = NO;
				ENABLE_STRICT_OBJC_MSGSEND = YES;
				GCC_C_LANGUAGE_STANDARD = gnu99;
				GCC_NO_COMMON_BLOCKS = YES;
				GCC_WARN_64_TO_32_BIT_CONVERSION = YES;
				GCC_WARN_ABOUT_RETURN_TYPE = YES_ERROR;
				GCC_WARN_UNDECLARED_SELECTOR = YES;
				GCC_WARN_UNINITIALIZED_AUTOS = YES_AGGRESSIVE;
				GCC_WARN_UNUSED_FUNCTION = YES;
				GCC_WARN_UNUSED_VARIABLE = YES;
				IPHONEOS_DEPLOYMENT_TARGET = 10.3;
				MTL_ENABLE_DEBUG_INFO = NO;
				SDKROOT = iphoneos;
				TARGETED_DEVICE_FAMILY = "1,2";
				VALIDATE_PRODUCT = YES;
			};
			name = Release;
		};
		D6FC15981F2F93CB0077C5EA /* Debug */ = {
			isa = XCBuildConfiguration;
			buildSettings = {
				ASSETCATALOG_COMPILER_APPICON_NAME = AppIcon;
				DEVELOPMENT_TEAM = EF77LAX8R3;
				INFOPLIST_FILE = WeatherMonitor/Info.plist;
				LD_RUNPATH_SEARCH_PATHS = "$(inherited) @executable_path/Frameworks";
				PRODUCT_BUNDLE_IDENTIFIER = pradeep.WeatherMonitor;
				PRODUCT_NAME = "$(TARGET_NAME)";
			};
			name = Debug;
		};
		D6FC15991F2F93CB0077C5EA /* Release */ = {
			isa = XCBuildConfiguration;
			buildSettings = {
				ASSETCATALOG_COMPILER_APPICON_NAME = AppIcon;
				DEVELOPMENT_TEAM = EF77LAX8R3;
				INFOPLIST_FILE = WeatherMonitor/Info.plist;
				LD_RUNPATH_SEARCH_PATHS = "$(inherited) @executable_path/Frameworks";
				PRODUCT_BUNDLE_IDENTIFIER = pradeep.WeatherMonitor;
				PRODUCT_NAME = "$(TARGET_NAME)";
			};
			name = Release;
		};
/* End XCBuildConfiguration section */

/* Begin XCConfigurationList section */
		D6FC157B1F2F93CB0077C5EA /* Build configuration list for PBXProject "WeatherMonitor" */ = {
			isa = XCConfigurationList;
			buildConfigurations = (
				D6FC15951F2F93CB0077C5EA /* Debug */,
				D6FC15961F2F93CB0077C5EA /* Release */,
			);
			defaultConfigurationIsVisible = 0;
			defaultConfigurationName = Release;
		};
		D6FC15971F2F93CB0077C5EA /* Build configuration list for PBXNativeTarget "WeatherMonitor" */ = {
			isa = XCConfigurationList;
			buildConfigurations = (
				D6FC15981F2F93CB0077C5EA /* Debug */,
				D6FC15991F2F93CB0077C5EA /* Release */,
			);
			defaultConfigurationIsVisible = 0;
			defaultConfigurationName = Release;
		};
/* End XCConfigurationList section */
	};
	rootObject = D6FC15781F2F93CB0077C5EA /* Project object */;
}
